
Microsoft Visual Studio Solution File, Format Version 12.00
# Visual Studio Version 17
VisualStudioVersion = 17.9.34701.34
MinimumVisualStudioVersion = 10.0.40219.1
Project("{9A19103F-16F7-4668-BE54-9A1E7A4F7556}") = "TicketMovie", "TicketMovie\TicketMovie.csproj", "{D48EBF2B-D0DC-4B06-9311-3E2296DD6BA1}"
EndProject
Global
	GlobalSection(SolutionConfigurationPlatforms) = preSolution
		Debug|Any CPU = Debug|Any CPU
		Release|Any CPU = Release|Any CPU
	EndGlobalSection
	GlobalSection(ProjectConfigurationPlatforms) = postSolution
		{D48EBF2B-D0DC-4B06-9311-3E2296DD6BA1}.Debug|Any CPU.ActiveCfg = Debug|Any CPU
		{D48EBF2B-D0DC-4B06-9311-3E2296DD6BA1}.Debug|Any CPU.Build.0 = Debug|Any CPU
		{D48EBF2B-D0DC-4B06-9311-3E2296DD6BA1}.Release|Any CPU.ActiveCfg = Release|Any CPU
		{D48EBF2B-D0DC-4B06-9311-3E2296DD6BA1}.Release|Any CPU.Build.0 = Release|Any CPU
	EndGlobalSection
	GlobalSection(SolutionProperties) = preSolution
		HideSolutionNode = FALSE
	EndGlobalSection
	GlobalSection(ExtensibilityGlobals) = postSolution
		SolutionGuid = {C2337B79-1F6A-4F4D-92EB-EA4ABC5CFED8}
	EndGlobalSection
EndGlobal
